
Microsoft Visual Studio Solution File, Format Version 12.00
# Visual Studio Version 17
VisualStudioVersion = 17.7.34221.43
MinimumVisualStudioVersion = 10.0.40219.1
Project("{9A19103F-16F7-4668-BE54-9A1E7A4F7556}") = "PresentationLayer", "Electrical\PresentationLayer.csproj", "{758A8237-F6F5-48F5-9CC6-1B5135C370E4}"
EndProject
Project("{9A19103F-16F7-4668-BE54-9A1E7A4F7556}") = "BusinessLogicLayer", "BusinessLogicLayer\BusinessLogicLayer.csproj", "{C6F8098E-DB66-4C0C-8FC1-7571BCC31481}"
EndProject
Project("{9A19103F-16F7-4668-BE54-9A1E7A4F7556}") = "DataAccessLayer", "DataAccessLayer\DataAccessLayer.csproj", "{161ABEDC-0880-450A-910D-1245D3998D72}"
EndProject
Project("{9A19103F-16F7-4668-BE54-9A1E7A4F7556}") = "Utility", "Utility\Utility.csproj", "{15EFEB5D-990A-4723-BD1F-BD686460FFB2}"
EndProject
Project("{9A19103F-16F7-4668-BE54-9A1E7A4F7556}") = "Infrustructure", "Infrustructure\Infrustructure.csproj", "{7430E7E9-51A7-4F43-9F51-888881FFD5C7}"
EndProject
Global
	GlobalSection(SolutionConfigurationPlatforms) = preSolution
		Debug|Any CPU = Debug|Any CPU
		Debug|x64 = Debug|x64
		Release|Any CPU = Release|Any CPU
		Release|x64 = Release|x64
	EndGlobalSection
	GlobalSection(ProjectConfigurationPlatforms) = postSolution
		{758A8237-F6F5-48F5-9CC6-1B5135C370E4}.Debug|Any CPU.ActiveCfg = Debug|Any CPU
		{758A8237-F6F5-48F5-9CC6-1B5135C370E4}.Debug|Any CPU.Build.0 = Debug|Any CPU
		{758A8237-F6F5-48F5-9CC6-1B5135C370E4}.Debug|x64.ActiveCfg = Debug|x64
		{758A8237-F6F5-48F5-9CC6-1B5135C370E4}.Debug|x64.Build.0 = Debug|x64
		{758A8237-F6F5-48F5-9CC6-1B5135C370E4}.Release|Any CPU.ActiveCfg = Release|Any CPU
		{758A8237-F6F5-48F5-9CC6-1B5135C370E4}.Release|Any CPU.Build.0 = Release|Any CPU
		{758A8237-F6F5-48F5-9CC6-1B5135C370E4}.Release|x64.ActiveCfg = Release|x64
		{758A8237-F6F5-48F5-9CC6-1B5135C370E4}.Release|x64.Build.0 = Release|x64
		{C6F8098E-DB66-4C0C-8FC1-7571BCC31481}.Debug|Any CPU.ActiveCfg = Debug|Any CPU
		{C6F8098E-DB66-4C0C-8FC1-7571BCC31481}.Debug|Any CPU.Build.0 = Debug|Any CPU
		{C6F8098E-DB66-4C0C-8FC1-7571BCC31481}.Debug|x64.ActiveCfg = Debug|Any CPU
		{C6F8098E-DB66-4C0C-8FC1-7571BCC31481}.Debug|x64.Build.0 = Debug|Any CPU
		{C6F8098E-DB66-4C0C-8FC1-7571BCC31481}.Release|Any CPU.ActiveCfg = Release|Any CPU
		{C6F8098E-DB66-4C0C-8FC1-7571BCC31481}.Release|Any CPU.Build.0 = Release|Any CPU
		{C6F8098E-DB66-4C0C-8FC1-7571BCC31481}.Release|x64.ActiveCfg = Release|Any CPU
		{C6F8098E-DB66-4C0C-8FC1-7571BCC31481}.Release|x64.Build.0 = Release|Any CPU
		{161ABEDC-0880-450A-910D-1245D3998D72}.Debug|Any CPU.ActiveCfg = Debug|Any CPU
		{161ABEDC-0880-450A-910D-1245D3998D72}.Debug|Any CPU.Build.0 = Debug|Any CPU
		{161ABEDC-0880-450A-910D-1245D3998D72}.Debug|x64.ActiveCfg = Debug|Any CPU
		{161ABEDC-0880-450A-910D-1245D3998D72}.Debug|x64.Build.0 = Debug|Any CPU
		{161ABEDC-0880-450A-910D-1245D3998D72}.Release|Any CPU.ActiveCfg = Release|Any CPU
		{161ABEDC-0880-450A-910D-1245D3998D72}.Release|Any CPU.Build.0 = Release|Any CPU
		{161ABEDC-0880-450A-910D-1245D3998D72}.Release|x64.ActiveCfg = Release|Any CPU
		{161ABEDC-0880-450A-910D-1245D3998D72}.Release|x64.Build.0 = Release|Any CPU
		{15EFEB5D-990A-4723-BD1F-BD686460FFB2}.Debug|Any CPU.ActiveCfg = Debug|Any CPU
		{15EFEB5D-990A-4723-BD1F-BD686460FFB2}.Debug|Any CPU.Build.0 = Debug|Any CPU
		{15EFEB5D-990A-4723-BD1F-BD686460FFB2}.Debug|x64.ActiveCfg = Debug|Any CPU
		{15EFEB5D-990A-4723-BD1F-BD686460FFB2}.Debug|x64.Build.0 = Debug|Any CPU
		{15EFEB5D-990A-4723-BD1F-BD686460FFB2}.Release|Any CPU.ActiveCfg = Release|Any CPU
		{15EFEB5D-990A-4723-BD1F-BD686460FFB2}.Release|Any CPU.Build.0 = Release|Any CPU
		{15EFEB5D-990A-4723-BD1F-BD686460FFB2}.Release|x64.ActiveCfg = Release|Any CPU
		{15EFEB5D-990A-4723-BD1F-BD686460FFB2}.Release|x64.Build.0 = Release|Any CPU
		{7430E7E9-51A7-4F43-9F51-888881FFD5C7}.Debug|Any CPU.ActiveCfg = Debug|Any CPU
		{7430E7E9-51A7-4F43-9F51-888881FFD5C7}.Debug|Any CPU.Build.0 = Debug|Any CPU
		{7430E7E9-51A7-4F43-9F51-888881FFD5C7}.Debug|x64.ActiveCfg = Debug|Any CPU
		{7430E7E9-51A7-4F43-9F51-888881FFD5C7}.Debug|x64.Build.0 = Debug|Any CPU
		{7430E7E9-51A7-4F43-9F51-888881FFD5C7}.Release|Any CPU.ActiveCfg = Release|Any CPU
		{7430E7E9-51A7-4F43-9F51-888881FFD5C7}.Release|Any CPU.Build.0 = Release|Any CPU
		{7430E7E9-51A7-4F43-9F51-888881FFD5C7}.Release|x64.ActiveCfg = Release|Any CPU
		{7430E7E9-51A7-4F43-9F51-888881FFD5C7}.Release|x64.Build.0 = Release|Any CPU
	EndGlobalSection
	GlobalSection(SolutionProperties) = preSolution
		HideSolutionNode = FALSE
	EndGlobalSection
	GlobalSection(ExtensibilityGlobals) = postSolution
		SolutionGuid = {53699609-BDF9-438F-9B49-EC81FE663A22}
	EndGlobalSection
EndGlobal
