
Microsoft Visual Studio Solution File, Format Version 12.00
# Visual Studio Version 17
VisualStudioVersion = 17.7.34221.43
MinimumVisualStudioVersion = 10.0.40219.1
Project("{FAE04EC0-301F-11D3-BF4B-00C04F79EFBC}") = "Electrical", "Electrical\Electrical.csproj", "{758A8237-F6F5-48F5-9CC6-1B5135C370E4}"
EndProject
Global
	GlobalSection(SolutionConfigurationPlatforms) = preSolution
		Debug|Any CPU = Debug|Any CPU
		Release|Any CPU = Release|Any CPU
	EndGlobalSection
	GlobalSection(ProjectConfigurationPlatforms) = postSolution
		{758A8237-F6F5-48F5-9CC6-1B5135C370E4}.Debug|Any CPU.ActiveCfg = Debug|Any CPU
		{758A8237-F6F5-48F5-9CC6-1B5135C370E4}.Debug|Any CPU.Build.0 = Debug|Any CPU
		{758A8237-F6F5-48F5-9CC6-1B5135C370E4}.Release|Any CPU.ActiveCfg = Release|Any CPU
		{758A8237-F6F5-48F5-9CC6-1B5135C370E4}.Release|Any CPU.Build.0 = Release|Any CPU
	EndGlobalSection
	GlobalSection(SolutionProperties) = preSolution
		HideSolutionNode = FALSE
	EndGlobalSection
	GlobalSection(ExtensibilityGlobals) = postSolution
		SolutionGuid = {53699609-BDF9-438F-9B49-EC81FE663A22}
	EndGlobalSection
EndGlobal
