
Microsoft Visual Studio Solution File, Format Version 12.00
# Visual Studio Version 17
VisualStudioVersion = 17.7.34221.43
MinimumVisualStudioVersion = 10.0.40219.1
Project("{9A19103F-16F7-4668-BE54-9A1E7A4F7556}") = "Electrical", "Electrical\Electrical.csproj", "{758A8237-F6F5-48F5-9CC6-1B5135C370E4}"
EndProject
Project("{FAE04EC0-301F-11D3-BF4B-00C04F79EFBC}") = "BusinessEntity", "BusinessEntity\BusinessEntity.csproj", "{30A60A65-CA44-4F0E-BD03-06F8B5184755}"
EndProject
Project("{FAE04EC0-301F-11D3-BF4B-00C04F79EFBC}") = "BusinessLogicLayer", "BusinessLogicLayer\BusinessLogicLayer.csproj", "{C6F8098E-DB66-4C0C-8FC1-7571BCC31481}"
EndProject
Project("{FAE04EC0-301F-11D3-BF4B-00C04F79EFBC}") = "DataAccessLayer", "DataAccessLayer\DataAccessLayer.csproj", "{161ABEDC-0880-450A-910D-1245D3998D72}"
EndProject
Global
	GlobalSection(SolutionConfigurationPlatforms) = preSolution
		Debug|Any CPU = Debug|Any CPU
		Release|Any CPU = Release|Any CPU
	EndGlobalSection
	GlobalSection(ProjectConfigurationPlatforms) = postSolution
		{758A8237-F6F5-48F5-9CC6-1B5135C370E4}.Debug|Any CPU.ActiveCfg = Debug|Any CPU
		{758A8237-F6F5-48F5-9CC6-1B5135C370E4}.Debug|Any CPU.Build.0 = Debug|Any CPU
		{758A8237-F6F5-48F5-9CC6-1B5135C370E4}.Release|Any CPU.ActiveCfg = Release|Any CPU
		{758A8237-F6F5-48F5-9CC6-1B5135C370E4}.Release|Any CPU.Build.0 = Release|Any CPU
		{30A60A65-CA44-4F0E-BD03-06F8B5184755}.Debug|Any CPU.ActiveCfg = Debug|Any CPU
		{30A60A65-CA44-4F0E-BD03-06F8B5184755}.Debug|Any CPU.Build.0 = Debug|Any CPU
		{30A60A65-CA44-4F0E-BD03-06F8B5184755}.Release|Any CPU.ActiveCfg = Release|Any CPU
		{30A60A65-CA44-4F0E-BD03-06F8B5184755}.Release|Any CPU.Build.0 = Release|Any CPU
		{C6F8098E-DB66-4C0C-8FC1-7571BCC31481}.Debug|Any CPU.ActiveCfg = Debug|Any CPU
		{C6F8098E-DB66-4C0C-8FC1-7571BCC31481}.Debug|Any CPU.Build.0 = Debug|Any CPU
		{C6F8098E-DB66-4C0C-8FC1-7571BCC31481}.Release|Any CPU.ActiveCfg = Release|Any CPU
		{C6F8098E-DB66-4C0C-8FC1-7571BCC31481}.Release|Any CPU.Build.0 = Release|Any CPU
		{161ABEDC-0880-450A-910D-1245D3998D72}.Debug|Any CPU.ActiveCfg = Debug|Any CPU
		{161ABEDC-0880-450A-910D-1245D3998D72}.Debug|Any CPU.Build.0 = Debug|Any CPU
		{161ABEDC-0880-450A-910D-1245D3998D72}.Release|Any CPU.ActiveCfg = Release|Any CPU
		{161ABEDC-0880-450A-910D-1245D3998D72}.Release|Any CPU.Build.0 = Release|Any CPU
	EndGlobalSection
	GlobalSection(SolutionProperties) = preSolution
		HideSolutionNode = FALSE
	EndGlobalSection
	GlobalSection(ExtensibilityGlobals) = postSolution
		SolutionGuid = {53699609-BDF9-438F-9B49-EC81FE663A22}
	EndGlobalSection
EndGlobal
